
Microsoft Visual Studio Solution File, Format Version 12.00
# Visual Studio Version 17
VisualStudioVersion = 17.3.32804.467
MinimumVisualStudioVersion = 10.0.40219.1
Project("{9A19103F-16F7-4668-BE54-9A1E7A4F7556}") = "AbstractFactory", "AbstractFactory\AbstractFactory.csproj", "{4E5C54B0-FB3B-4737-A54B-061CABC36214}"
EndProject
Project("{9A19103F-16F7-4668-BE54-9A1E7A4F7556}") = "FactoryMethod", "FactoryMethod\FactoryMethod.csproj", "{6F65216A-3E45-4CCD-8049-F8458C246F5D}"
EndProject
Project("{9A19103F-16F7-4668-BE54-9A1E7A4F7556}") = "AbstractFactory(Bank)", "AbstractFactory(Bank)\AbstractFactory(Bank).csproj", "{E85CBEA8-828A-450B-9F59-39F0C1A332CC}"
EndProject
Project("{FAE04EC0-301F-11D3-BF4B-00C04F79EFBC}") = "PrototypePattern", "PrototypePattern\PrototypePattern.csproj", "{9E411AA2-6947-4887-B12D-729D28EF1F68}"
EndProject
Project("{FAE04EC0-301F-11D3-BF4B-00C04F79EFBC}") = "Builder", "Builder\Builder.csproj", "{6988652A-0DA6-4BC4-AB67-EDD45300E2F1}"
EndProject
Global
	GlobalSection(SolutionConfigurationPlatforms) = preSolution
		Debug|Any CPU = Debug|Any CPU
		Release|Any CPU = Release|Any CPU
	EndGlobalSection
	GlobalSection(ProjectConfigurationPlatforms) = postSolution
		{4E5C54B0-FB3B-4737-A54B-061CABC36214}.Debug|Any CPU.ActiveCfg = Debug|Any CPU
		{4E5C54B0-FB3B-4737-A54B-061CABC36214}.Debug|Any CPU.Build.0 = Debug|Any CPU
		{4E5C54B0-FB3B-4737-A54B-061CABC36214}.Release|Any CPU.ActiveCfg = Release|Any CPU
		{4E5C54B0-FB3B-4737-A54B-061CABC36214}.Release|Any CPU.Build.0 = Release|Any CPU
		{6F65216A-3E45-4CCD-8049-F8458C246F5D}.Debug|Any CPU.ActiveCfg = Debug|Any CPU
		{6F65216A-3E45-4CCD-8049-F8458C246F5D}.Debug|Any CPU.Build.0 = Debug|Any CPU
		{6F65216A-3E45-4CCD-8049-F8458C246F5D}.Release|Any CPU.ActiveCfg = Release|Any CPU
		{6F65216A-3E45-4CCD-8049-F8458C246F5D}.Release|Any CPU.Build.0 = Release|Any CPU
		{E85CBEA8-828A-450B-9F59-39F0C1A332CC}.Debug|Any CPU.ActiveCfg = Debug|Any CPU
		{E85CBEA8-828A-450B-9F59-39F0C1A332CC}.Debug|Any CPU.Build.0 = Debug|Any CPU
		{E85CBEA8-828A-450B-9F59-39F0C1A332CC}.Release|Any CPU.ActiveCfg = Release|Any CPU
		{E85CBEA8-828A-450B-9F59-39F0C1A332CC}.Release|Any CPU.Build.0 = Release|Any CPU
		{9E411AA2-6947-4887-B12D-729D28EF1F68}.Debug|Any CPU.ActiveCfg = Debug|Any CPU
		{9E411AA2-6947-4887-B12D-729D28EF1F68}.Debug|Any CPU.Build.0 = Debug|Any CPU
		{9E411AA2-6947-4887-B12D-729D28EF1F68}.Release|Any CPU.ActiveCfg = Release|Any CPU
		{9E411AA2-6947-4887-B12D-729D28EF1F68}.Release|Any CPU.Build.0 = Release|Any CPU
		{6988652A-0DA6-4BC4-AB67-EDD45300E2F1}.Debug|Any CPU.ActiveCfg = Debug|Any CPU
		{6988652A-0DA6-4BC4-AB67-EDD45300E2F1}.Debug|Any CPU.Build.0 = Debug|Any CPU
		{6988652A-0DA6-4BC4-AB67-EDD45300E2F1}.Release|Any CPU.ActiveCfg = Release|Any CPU
		{6988652A-0DA6-4BC4-AB67-EDD45300E2F1}.Release|Any CPU.Build.0 = Release|Any CPU
	EndGlobalSection
	GlobalSection(SolutionProperties) = preSolution
		HideSolutionNode = FALSE
	EndGlobalSection
	GlobalSection(ExtensibilityGlobals) = postSolution
		SolutionGuid = {ACA486D3-FDEC-489E-AD83-D9621BBD8475}
	EndGlobalSection
EndGlobal
