
Microsoft Visual Studio Solution File, Format Version 12.00
# Visual Studio Version 17
VisualStudioVersion = 17.3.32804.467
MinimumVisualStudioVersion = 10.0.40219.1
Project("{FAE04EC0-301F-11D3-BF4B-00C04F79EFBC}") = "AbstractFactory", "AbstractFactory\AbstractFactory.csproj", "{1A8EA12E-4B7F-45AA-B356-B477A2A582F3}"
EndProject
Global
	GlobalSection(SolutionConfigurationPlatforms) = preSolution
		Debug|Any CPU = Debug|Any CPU
		Release|Any CPU = Release|Any CPU
	EndGlobalSection
	GlobalSection(ProjectConfigurationPlatforms) = postSolution
		{1A8EA12E-4B7F-45AA-B356-B477A2A582F3}.Debug|Any CPU.ActiveCfg = Debug|Any CPU
		{1A8EA12E-4B7F-45AA-B356-B477A2A582F3}.Debug|Any CPU.Build.0 = Debug|Any CPU
		{1A8EA12E-4B7F-45AA-B356-B477A2A582F3}.Release|Any CPU.ActiveCfg = Release|Any CPU
		{1A8EA12E-4B7F-45AA-B356-B477A2A582F3}.Release|Any CPU.Build.0 = Release|Any CPU
	EndGlobalSection
	GlobalSection(SolutionProperties) = preSolution
		HideSolutionNode = FALSE
	EndGlobalSection
	GlobalSection(ExtensibilityGlobals) = postSolution
		SolutionGuid = {2C2E8AEF-CD17-4645-89FD-A62AB6A8C8C6}
	EndGlobalSection
EndGlobal
